
Microsoft Visual Studio Solution File, Format Version 12.00
# Visual Studio Version 16
VisualStudioVersion = 16.0.30611.23
MinimumVisualStudioVersion = 10.0.40219.1
Project("{9A19103F-16F7-4668-BE54-9A1E7A4F7556}") = "app.HeadFirstDesignPatterns", "HeadFirstDesignPatterns\app.HeadFirstDesignPatterns.csproj", "{0124282F-A19A-4723-9FB7-21DCF76D4D14}"
EndProject
Global
	GlobalSection(SolutionConfigurationPlatforms) = preSolution
		Debug|Any CPU = Debug|Any CPU
		Release|Any CPU = Release|Any CPU
	EndGlobalSection
	GlobalSection(ProjectConfigurationPlatforms) = postSolution
		{0124282F-A19A-4723-9FB7-21DCF76D4D14}.Debug|Any CPU.ActiveCfg = Debug|Any CPU
		{0124282F-A19A-4723-9FB7-21DCF76D4D14}.Debug|Any CPU.Build.0 = Debug|Any CPU
		{0124282F-A19A-4723-9FB7-21DCF76D4D14}.Release|Any CPU.ActiveCfg = Release|Any CPU
		{0124282F-A19A-4723-9FB7-21DCF76D4D14}.Release|Any CPU.Build.0 = Release|Any CPU
	EndGlobalSection
	GlobalSection(SolutionProperties) = preSolution
		HideSolutionNode = FALSE
	EndGlobalSection
	GlobalSection(ExtensibilityGlobals) = postSolution
		SolutionGuid = {D96CA6F2-7317-4FCB-BF90-A806ADA88A8A}
	EndGlobalSection
EndGlobal
